
Microsoft Visual Studio Solution File, Format Version 12.00
# Visual Studio 15
VisualStudioVersion = 15.0.27703.2035
MinimumVisualStudioVersion = 10.0.40219.1
Project("{9A19103F-16F7-4668-BE54-9A1E7A4F7556}") = "EDoc2.FAQ.Web", "EDoc2.FAQ.Web\EDoc2.FAQ.Web.csproj", "{71342E05-7CDD-4F79-898B-61999475E2CB}"
EndProject
Project("{2150E333-8FDC-42A3-9474-1A3956D46DE8}") = "Services", "Services", "{88B236EE-D3DF-4480-BF56-C1A509B65295}"
EndProject
Project("{2150E333-8FDC-42A3-9474-1A3956D46DE8}") = "Clients", "Clients", "{567EAA53-767E-47BA-9F13-6D2E8C70B93D}"
EndProject
Project("{2150E333-8FDC-42A3-9474-1A3956D46DE8}") = "Plugins", "Plugins", "{55F01371-61BD-4934-B444-9EA1246AD9E1}"
EndProject
Project("{9A19103F-16F7-4668-BE54-9A1E7A4F7556}") = "EDoc2.FAQ.ImageCode", "EDoc2.FAQ.ImageCode\EDoc2.FAQ.ImageCode.csproj", "{97A2D91A-5B3B-4764-9049-7809605E84E8}"
EndProject
Project("{9A19103F-16F7-4668-BE54-9A1E7A4F7556}") = "EDoc2.FAQ.Email", "EDoc2.FAQ.Email\EDoc2.FAQ.Email.csproj", "{E01F9D13-2087-4EF3-B68C-1BE379A8497C}"
EndProject
Project("{9A19103F-16F7-4668-BE54-9A1E7A4F7556}") = "EDoc2.FAQ.Cache", "EDoc2.FAQ.Cache\EDoc2.FAQ.Cache.csproj", "{D0225354-1C8B-4785-AD1A-43B8B875792E}"
EndProject
Project("{FAE04EC0-301F-11D3-BF4B-00C04F79EFBC}") = "EDoc2.FAQ.MQ", "EDoc2.FAQ.MQ\EDoc2.FAQ.MQ.csproj", "{C35549B8-3828-4886-82E5-0BB0ACAACEE7}"
EndProject
Global
	GlobalSection(SolutionConfigurationPlatforms) = preSolution
		Debug|Any CPU = Debug|Any CPU
		Release|Any CPU = Release|Any CPU
	EndGlobalSection
	GlobalSection(ProjectConfigurationPlatforms) = postSolution
		{71342E05-7CDD-4F79-898B-61999475E2CB}.Debug|Any CPU.ActiveCfg = Debug|Any CPU
		{71342E05-7CDD-4F79-898B-61999475E2CB}.Debug|Any CPU.Build.0 = Debug|Any CPU
		{71342E05-7CDD-4F79-898B-61999475E2CB}.Release|Any CPU.ActiveCfg = Release|Any CPU
		{71342E05-7CDD-4F79-898B-61999475E2CB}.Release|Any CPU.Build.0 = Release|Any CPU
		{97A2D91A-5B3B-4764-9049-7809605E84E8}.Debug|Any CPU.ActiveCfg = Debug|Any CPU
		{97A2D91A-5B3B-4764-9049-7809605E84E8}.Debug|Any CPU.Build.0 = Debug|Any CPU
		{97A2D91A-5B3B-4764-9049-7809605E84E8}.Release|Any CPU.ActiveCfg = Release|Any CPU
		{97A2D91A-5B3B-4764-9049-7809605E84E8}.Release|Any CPU.Build.0 = Release|Any CPU
		{E01F9D13-2087-4EF3-B68C-1BE379A8497C}.Debug|Any CPU.ActiveCfg = Debug|Any CPU
		{E01F9D13-2087-4EF3-B68C-1BE379A8497C}.Debug|Any CPU.Build.0 = Debug|Any CPU
		{E01F9D13-2087-4EF3-B68C-1BE379A8497C}.Release|Any CPU.ActiveCfg = Release|Any CPU
		{E01F9D13-2087-4EF3-B68C-1BE379A8497C}.Release|Any CPU.Build.0 = Release|Any CPU
		{D0225354-1C8B-4785-AD1A-43B8B875792E}.Debug|Any CPU.ActiveCfg = Debug|Any CPU
		{D0225354-1C8B-4785-AD1A-43B8B875792E}.Debug|Any CPU.Build.0 = Debug|Any CPU
		{D0225354-1C8B-4785-AD1A-43B8B875792E}.Release|Any CPU.ActiveCfg = Release|Any CPU
		{D0225354-1C8B-4785-AD1A-43B8B875792E}.Release|Any CPU.Build.0 = Release|Any CPU
		{C35549B8-3828-4886-82E5-0BB0ACAACEE7}.Debug|Any CPU.ActiveCfg = Debug|Any CPU
		{C35549B8-3828-4886-82E5-0BB0ACAACEE7}.Debug|Any CPU.Build.0 = Debug|Any CPU
		{C35549B8-3828-4886-82E5-0BB0ACAACEE7}.Release|Any CPU.ActiveCfg = Release|Any CPU
		{C35549B8-3828-4886-82E5-0BB0ACAACEE7}.Release|Any CPU.Build.0 = Release|Any CPU
	EndGlobalSection
	GlobalSection(SolutionProperties) = preSolution
		HideSolutionNode = FALSE
	EndGlobalSection
	GlobalSection(NestedProjects) = preSolution
		{71342E05-7CDD-4F79-898B-61999475E2CB} = {567EAA53-767E-47BA-9F13-6D2E8C70B93D}
		{97A2D91A-5B3B-4764-9049-7809605E84E8} = {55F01371-61BD-4934-B444-9EA1246AD9E1}
		{E01F9D13-2087-4EF3-B68C-1BE379A8497C} = {55F01371-61BD-4934-B444-9EA1246AD9E1}
		{D0225354-1C8B-4785-AD1A-43B8B875792E} = {55F01371-61BD-4934-B444-9EA1246AD9E1}
		{C35549B8-3828-4886-82E5-0BB0ACAACEE7} = {55F01371-61BD-4934-B444-9EA1246AD9E1}
	EndGlobalSection
	GlobalSection(ExtensibilityGlobals) = postSolution
		SolutionGuid = {ADB21695-77C2-4599-8E89-C7DE97F412A6}
	EndGlobalSection
EndGlobal
